{
  "name": "aad-csvjs",
  "version": "1.0.0",
  "lockfileVersion": 1,
  "requires": true,
  "dependencies": {
    "@types/node": {
      "version": "16.9.1",
      "resolved": "https://registry.npmjs.org/@types/node/-/node-16.9.1.tgz",
      "integrity": "sha512-QpLcX9ZSsq3YYUUnD3nFDY8H7wctAhQj/TFKL8Ya8v5fMm3CFXxo8zStsLAl780ltoYoo1WvKUVGBQK+1ifr7g==",
      "dev": true
    },
    "@types/papaparse": {
      "version": "5.2.6",
      "resolved": "https://registry.npmjs.org/@types/papaparse/-/papaparse-5.2.6.tgz",
      "integrity": "sha512-xGKSd0UTn58N1h0+zf8mW863Rv8BvXcGibEgKFtBIXZlcDXAmX/T4RdDO2mwmrmOypUDt5vRgo2v32a78JdqUA==",
      "dev": true,
      "requires": {
        "@types/node": "*"
      }
    },
    "papaparse": {
      "version": "5.3.1",
      "resolved": "https://registry.npmjs.org/papaparse/-/papaparse-5.3.1.tgz",
      "integrity": "sha512-Dbt2yjLJrCwH2sRqKFFJaN5XgIASO9YOFeFP8rIBRG2Ain8mqk5r1M6DkfvqEVozVcz3r3HaUGw253hA1nLIcA=="
    },
    "typescript": {
      "version": "4.4.2",
      "resolved": "https://registry.npmjs.org/typescript/-/typescript-4.4.2.tgz",
      "integrity": "sha512-gzP+t5W4hdy4c+68bfcv0t400HVJMMd2+H9B7gae1nQlBzCqvrXX+6GL/b3GAgyTH966pzrZ70/fRjwAtZksSQ==",
      "dev": true
    }
  }
}
